// !$*UTF8*$!
{
	archiveVersion = 1;
	classes = {
	};
	objectVersion = 46;
	objects = {

/* Begin PBXBuildFile section */
		C01679B61A131007004B55AD /* main.m in Sources */ = {isa = PBXBuildFile; fileRef = C01679B51A131007004B55AD /* main.m */; };
		C01679B91A131007004B55AD /* AppDelegate.m in Sources */ = {isa = PBXBuildFile; fileRef = C01679B81A131007004B55AD /* AppDelegate.m */; };
		C01679BC1A131007004B55AD /* ViewController.m in Sources */ = {isa = PBXBuildFile; fileRef = C01679BB1A131007004B55AD /* ViewController.m */; };
		C01679BF1A131007004B55AD /* Main.storyboard in Resources */ = {isa = PBXBuildFile; fileRef = C01679BD1A131007004B55AD /* Main.storyboard */; };
		C01679C11A131007004B55AD /* Images.xcassets in Resources */ = {isa = PBXBuildFile; fileRef = C01679C01A131007004B55AD /* Images.xcassets */; };
		C01679C41A131007004B55AD /* LaunchScreen.xib in Resources */ = {isa = PBXBuildFile; fileRef = C01679C21A131007004B55AD /* LaunchScreen.xib */; };
		C01679D01A131007004B55AD /* CondtionTestTests.m in Sources */ = {isa = PBXBuildFile; fileRef = C01679CF1A131007004B55AD /* CondtionTestTests.m */; };
/* End PBXBuildFile section */

/* Begin PBXContainerItemProxy section */
		C01679CA1A131007004B55AD /* PBXContainerItemProxy */ = {
			isa = PBXContainerItemProxy;
			containerPortal = C01679A81A131007004B55AD /* Project object */;
			proxyType = 1;
			remoteGlobalIDString = C01679AF1A131007004B55AD;
			remoteInfo = CondtionTest;
		};
/* End PBXContainerItemProxy section */

/* Begin PBXFileReference section */
		C01679B01A131007004B55AD /* CondtionTest.app */ = {isa = PBXFileReference; explicitFileType = wrapper.application; includeInIndex = 0; path = CondtionTest.app; sourceTree = BUILT_PRODUCTS_DIR; };
		C01679B41A131007004B55AD /* Info.plist */ = {isa = PBXFileReference; lastKnownFileType = text.plist.xml; path = Info.plist; sourceTree = "<group>"; };
		C01679B51A131007004B55AD /* main.m */ = {isa = PBXFileReference; lastKnownFileType = sourcecode.c.objc; path = main.m; sourceTree = "<group>"; };
		C01679B71A131007004B55AD /* AppDelegate.h */ = {isa = PBXFileReference; lastKnownFileType = sourcecode.c.h; path = AppDelegate.h; sourceTree = "<group>"; };
		C01679B81A131007004B55AD /* AppDelegate.m */ = {isa = PBXFileReference; lastKnownFileType = sourcecode.c.objc; path = AppDelegate.m; sourceTree = "<group>"; };
		C01679BA1A131007004B55AD /* ViewController.h */ = {isa = PBXFileReference; lastKnownFileType = sourcecode.c.h; path = ViewController.h; sourceTree = "<group>"; };
		C01679BB1A131007004B55AD /* ViewController.m */ = {isa = PBXFileReference; lastKnownFileType = sourcecode.c.objc; path = ViewController.m; sourceTree = "<group>"; };
		C01679BE1A131007004B55AD /* Base */ = {isa = PBXFileReference; lastKnownFileType = file.storyboard; name = Base; path = Base.lproj/Main.storyboard; sourceTree = "<group>"; };
		C01679C01A131007004B55AD /* Images.xcassets */ = {isa = PBXFileReference; lastKnownFileType = folder.assetcatalog; path = Images.xcassets; sourceTree = "<group>"; };
		C01679C31A131007004B55AD /* Base */ = {isa = PBXFileReference; lastKnownFileType = file.xib; name = Base; path = Base.lproj/LaunchScreen.xib; sourceTree = "<group>"; };
		C01679C91A131007004B55AD /* CondtionTestTests.xctest */ = {isa = PBXFileReference; explicitFileType = wrapper.cfbundle; includeInIndex = 0; path = CondtionTestTests.xctest; sourceTree = BUILT_PRODUCTS_DIR; };
		C01679CE1A131007004B55AD /* Info.plist */ = {isa = PBXFileReference; lastKnownFileType = text.plist.xml; path = Info.plist; sourceTree = "<group>"; };
		C01679CF1A131007004B55AD /* CondtionTestTests.m */ = {isa = PBXFileReference; lastKnownFileType = sourcecode.c.objc; path = CondtionTestTests.m; sourceTree = "<group>"; };
/* End PBXFileReference section */

/* Begin PBXFrameworksBuildPhase section */
		C01679AD1A131007004B55AD /* Frameworks */ = {
			isa = PBXFrameworksBuildPhase;
			buildActionMask = 2147483647;
			files = (
			);
			runOnlyForDeploymentPostprocessing = 0;
		};
		C01679C61A131007004B55AD /* Frameworks */ = {
			isa = PBXFrameworksBuildPhase;
			buildActionMask = 2147483647;
			files = (
			);
			runOnlyForDeploymentPostprocessing = 0;
		};
/* End PBXFrameworksBuildPhase section */

/* Begin PBXGroup section */
		C01679A71A131007004B55AD = {
			isa = PBXGroup;
			children = (
				C01679B21A131007004B55AD /* CondtionTest */,
				C01679CC1A131007004B55AD /* CondtionTestTests */,
				C01679B11A131007004B55AD /* Products */,
			);
			sourceTree = "<group>";
		};
		C01679B11A131007004B55AD /* Products */ = {
			isa = PBXGroup;
			children = (
				C01679B01A131007004B55AD /* CondtionTest.app */,
				C01679C91A131007004B55AD /* CondtionTestTests.xctest */,
			);
			name = Products;
			sourceTree = "<group>";
		};
		C01679B21A131007004B55AD /* CondtionTest */ = {
			isa = PBXGroup;
			children = (
				C01679B71A131007004B55AD /* AppDelegate.h */,
				C01679B81A131007004B55AD /* AppDelegate.m */,
				C01679BA1A131007004B55AD /* ViewController.h */,
				C01679BB1A131007004B55AD /* ViewController.m */,
				C01679BD1A131007004B55AD /* Main.storyboard */,
				C01679C01A131007004B55AD /* Images.xcassets */,
				C01679C21A131007004B55AD /* LaunchScreen.xib */,
				C01679B31A131007004B55AD /* Supporting Files */,
			);
			path = CondtionTest;
			sourceTree = "<group>";
		};
		C01679B31A131007004B55AD /* Supporting Files */ = {
			isa = PBXGroup;
			children = (
				C01679B41A131007004B55AD /* Info.plist */,
				C01679B51A131007004B55AD /* main.m */,
			);
			name = "Supporting Files";
			sourceTree = "<group>";
		};
		C01679CC1A131007004B55AD /* CondtionTestTests */ = {
			isa = PBXGroup;
			children = (
				C01679CF1A131007004B55AD /* CondtionTestTests.m */,
				C01679CD1A131007004B55AD /* Supporting Files */,
			);
			path = CondtionTestTests;
			sourceTree = "<group>";
		};
		C01679CD1A131007004B55AD /* Supporting Files */ = {
			isa = PBXGroup;
			children = (
				C01679CE1A131007004B55AD /* Info.plist */,
			);
			name = "Supporting Files";
			sourceTree = "<group>";
		};
/* End PBXGroup section */

/* Begin PBXNativeTarget section */
		C01679AF1A131007004B55AD /* CondtionTest */ = {
			isa = PBXNativeTarget;
			buildConfigurationList = C01679D31A131007004B55AD /* Build configuration list for PBXNativeTarget "CondtionTest" */;
			buildPhases = (
				C01679AC1A131007004B55AD /* Sources */,
				C01679AD1A131007004B55AD /* Frameworks */,
				C01679AE1A131007004B55AD /* Resources */,
			);
			buildRules = (
			);
			dependencies = (
			);
			name = CondtionTest;
			productName = CondtionTest;
			productReference = C01679B01A131007004B55AD /* CondtionTest.app */;
			productType = "com.apple.product-type.application";
		};
		C01679C81A131007004B55AD /* CondtionTestTests */ = {
			isa = PBXNativeTarget;
			buildConfigurationList = C01679D61A131007004B55AD /* Build configuration list for PBXNativeTarget "CondtionTestTests" */;
			buildPhases = (
				C01679C51A131007004B55AD /* Sources */,
				C01679C61A131007004B55AD /* Frameworks */,
				C01679C71A131007004B55AD /* Resources */,
			);
			buildRules = (
			);
			dependencies = (
				C01679CB1A131007004B55AD /* PBXTargetDependency */,
			);
			name = CondtionTestTests;
			productName = CondtionTestTests;
			productReference = C01679C91A131007004B55AD /* CondtionTestTests.xctest */;
			productType = "com.apple.product-type.bundle.unit-test";
		};
/* End PBXNativeTarget section */

/* Begin PBXProject section */
		C01679A81A131007004B55AD /* Project object */ = {
			isa = PBXProject;
			attributes = {
				LastUpgradeCheck = 0610;
				ORGANIZATIONNAME = cuibo;
				TargetAttributes = {
					C01679AF1A131007004B55AD = {
						CreatedOnToolsVersion = 6.1;
					};
					C01679C81A131007004B55AD = {
						CreatedOnToolsVersion = 6.1;
						TestTargetID = C01679AF1A131007004B55AD;
					};
				};
			};
			buildConfigurationList = C01679AB1A131007004B55AD /* Build configuration list for PBXProject "CondtionTest" */;
			compatibilityVersion = "Xcode 3.2";
			developmentRegion = English;
			hasScannedForEncodings = 0;
			knownRegions = (
				en,
				Base,
			);
			mainGroup = C01679A71A131007004B55AD;
			productRefGroup = C01679B11A131007004B55AD /* Products */;
			projectDirPath = "";
			projectRoot = "";
			targets = (
				C01679AF1A131007004B55AD /* CondtionTest */,
				C01679C81A131007004B55AD /* CondtionTestTests */,
			);
		};
/* End PBXProject section */

/* Begin PBXResourcesBuildPhase section */
		C01679AE1A131007004B55AD /* Resources */ = {
			isa = PBXResourcesBuildPhase;
			buildActionMask = 2147483647;
			files = (
				C01679BF1A131007004B55AD /* Main.storyboard in Resources */,
				C01679C41A131007004B55AD /* LaunchScreen.xib in Resources */,
				C01679C11A131007004B55AD /* Images.xcassets in Resources */,
			);
			runOnlyForDeploymentPostprocessing = 0;
		};
		C01679C71A131007004B55AD /* Resources */ = {
			isa = PBXResourcesBuildPhase;
			buildActionMask = 2147483647;
			files = (
			);
			runOnlyForDeploymentPostprocessing = 0;
		};
/* End PBXResourcesBuildPhase section */

/* Begin PBXSourcesBuildPhase section */
		C01679AC1A131007004B55AD /* Sources */ = {
			isa = PBXSourcesBuildPhase;
			buildActionMask = 2147483647;
			files = (
				C01679BC1A131007004B55AD /* ViewController.m in Sources */,
				C01679B91A131007004B55AD /* AppDelegate.m in Sources */,
				C01679B61A131007004B55AD /* main.m in Sources */,
			);
			runOnlyForDeploymentPostprocessing = 0;
		};
		C01679C51A131007004B55AD /* Sources */ = {
			isa = PBXSourcesBuildPhase;
			buildActionMask = 2147483647;
			files = (
				C01679D01A131007004B55AD /* CondtionTestTests.m in Sources */,
			);
			runOnlyForDeploymentPostprocessing = 0;
		};
/* End PBXSourcesBuildPhase section */

/* Begin PBXTargetDependency section */
		C01679CB1A131007004B55AD /* PBXTargetDependency */ = {
			isa = PBXTargetDependency;
			target = C01679AF1A131007004B55AD /* CondtionTest */;
			targetProxy = C01679CA1A131007004B55AD /* PBXContainerItemProxy */;
		};
/* End PBXTargetDependency section */

/* Begin PBXVariantGroup section */
		C01679BD1A131007004B55AD /* Main.storyboard */ = {
			isa = PBXVariantGroup;
			children = (
				C01679BE1A131007004B55AD /* Base */,
			);
			name = Main.storyboard;
			sourceTree = "<group>";
		};
		C01679C21A131007004B55AD /* LaunchScreen.xib */ = {
			isa = PBXVariantGroup;
			children = (
				C01679C31A131007004B55AD /* Base */,
			);
			name = LaunchScreen.xib;
			sourceTree = "<group>";
		};
/* End PBXVariantGroup section */

/* Begin XCBuildConfiguration section */
		C01679D11A131007004B55AD /* Debug */ = {
			isa = XCBuildConfiguration;
			buildSettings = {
				ALWAYS_SEARCH_USER_PATHS = NO;
				CLANG_CXX_LANGUAGE_STANDARD = "gnu++0x";
				CLANG_CXX_LIBRARY = "libc++";
				CLANG_ENABLE_MODULES = YES;
				CLANG_ENABLE_OBJC_ARC = YES;
				CLANG_WARN_BOOL_CONVERSION = YES;
				CLANG_WARN_CONSTANT_CONVERSION = YES;
				CLANG_WARN_DIRECT_OBJC_ISA_USAGE = YES_ERROR;
				CLANG_WARN_EMPTY_BODY = YES;
				CLANG_WARN_ENUM_CONVERSION = YES;
				CLANG_WARN_INT_CONVERSION = YES;
				CLANG_WARN_OBJC_ROOT_CLASS = YES_ERROR;
				CLANG_WARN_UNREACHABLE_CODE = YES;
				CLANG_WARN__DUPLICATE_METHOD_MATCH = YES;
				"CODE_SIGN_IDENTITY[sdk=iphoneos*]" = "iPhone Developer";
				COPY_PHASE_STRIP = NO;
				ENABLE_STRICT_OBJC_MSGSEND = YES;
				GCC_C_LANGUAGE_STANDARD = gnu99;
				GCC_DYNAMIC_NO_PIC = NO;
				GCC_OPTIMIZATION_LEVEL = 0;
				GCC_PREPROCESSOR_DEFINITIONS = (
					"DEBUG=1",
					"$(inherited)",
				);
				GCC_SYMBOLS_PRIVATE_EXTERN = NO;
				GCC_WARN_64_TO_32_BIT_CONVERSION = YES;
				GCC_WARN_ABOUT_RETURN_TYPE = YES_ERROR;
				GCC_WARN_UNDECLARED_SELECTOR = YES;
				GCC_WARN_UNINITIALIZED_AUTOS = YES_AGGRESSIVE;
				GCC_WARN_UNUSED_FUNCTION = YES;
				GCC_WARN_UNUSED_VARIABLE = YES;
				IPHONEOS_DEPLOYMENT_TARGET = 8.1;
				MTL_ENABLE_DEBUG_INFO = YES;
				ONLY_ACTIVE_ARCH = YES;
				SDKROOT = iphoneos;
			};
			name = Debug;
		};
		C01679D21A131007004B55AD /* Release */ = {
			isa = XCBuildConfiguration;
			buildSettings = {
				ALWAYS_SEARCH_USER_PATHS = NO;
				CLANG_CXX_LANGUAGE_STANDARD = "gnu++0x";
				CLANG_CXX_LIBRARY = "libc++";
				CLANG_ENABLE_MODULES = YES;
				CLANG_ENABLE_OBJC_ARC = YES;
				CLANG_WARN_BOOL_CONVERSION = YES;
				CLANG_WARN_CONSTANT_CONVERSION = YES;
				CLANG_WARN_DIRECT_OBJC_ISA_USAGE = YES_ERROR;
				CLANG_WARN_EMPTY_BODY = YES;
				CLANG_WARN_ENUM_CONVERSION = YES;
				CLANG_WARN_INT_CONVERSION = YES;
				CLANG_WARN_OBJC_ROOT_CLASS = YES_ERROR;
				CLANG_WARN_UNREACHABLE_CODE = YES;
				CLANG_WARN__DUPLICATE_METHOD_MATCH = YES;
				"CODE_SIGN_IDENTITY[sdk=iphoneos*]" = "iPhone Developer";
				COPY_PHASE_STRIP = YES;
				ENABLE_NS_ASSERTIONS = NO;
				ENABLE_STRICT_OBJC_MSGSEND = YES;
				GCC_C_LANGUAGE_STANDARD = gnu99;
				GCC_WARN_64_TO_32_BIT_CONVERSION = YES;
				GCC_WARN_ABOUT_RETURN_TYPE = YES_ERROR;
				GCC_WARN_UNDECLARED_SELECTOR = YES;
				GCC_WARN_UNINITIALIZED_AUTOS = YES_AGGRESSIVE;
				GCC_WARN_UNUSED_FUNCTION = YES;
				GCC_WARN_UNUSED_VARIABLE = YES;
				IPHONEOS_DEPLOYMENT_TARGET = 8.1;
				MTL_ENABLE_DEBUG_INFO = NO;
				SDKROOT = iphoneos;
				VALIDATE_PRODUCT = YES;
			};
			name = Release;
		};
		C01679D41A131007004B55AD /* Debug */ = {
			isa = XCBuildConfiguration;
			buildSettings = {
				ASSETCATALOG_COMPILER_APPICON_NAME = AppIcon;
				INFOPLIST_FILE = CondtionTest/Info.plist;
				LD_RUNPATH_SEARCH_PATHS = "$(inherited) @executable_path/Frameworks";
				PRODUCT_NAME = "$(TARGET_NAME)";
			};
			name = Debug;
		};
		C01679D51A131007004B55AD /* Release */ = {
			isa = XCBuildConfiguration;
			buildSettings = {
				ASSETCATALOG_COMPILER_APPICON_NAME = AppIcon;
				INFOPLIST_FILE = CondtionTest/Info.plist;
				LD_RUNPATH_SEARCH_PATHS = "$(inherited) @executable_path/Frameworks";
				PRODUCT_NAME = "$(TARGET_NAME)";
			};
			name = Release;
		};
		C01679D71A131007004B55AD /* Debug */ = {
			isa = XCBuildConfiguration;
			buildSettings = {
				BUNDLE_LOADER = "$(TEST_HOST)";
				FRAMEWORK_SEARCH_PATHS = (
					"$(SDKROOT)/Developer/Library/Frameworks",
					"$(inherited)",
				);
				GCC_PREPROCESSOR_DEFINITIONS = (
					"DEBUG=1",
					"$(inherited)",
				);
				INFOPLIST_FILE = CondtionTestTests/Info.plist;
				LD_RUNPATH_SEARCH_PATHS = "$(inherited) @executable_path/Frameworks @loader_path/Frameworks";
				PRODUCT_NAME = "$(TARGET_NAME)";
				TEST_HOST = "$(BUILT_PRODUCTS_DIR)/CondtionTest.app/CondtionTest";
			};
			name = Debug;
		};
		C01679D81A131007004B55AD /* Release */ = {
			isa = XCBuildConfiguration;
			buildSettings = {
				BUNDLE_LOADER = "$(TEST_HOST)";
				FRAMEWORK_SEARCH_PATHS = (
					"$(SDKROOT)/Developer/Library/Frameworks",
					"$(inherited)",
				);
				INFOPLIST_FILE = CondtionTestTests/Info.plist;
				LD_RUNPATH_SEARCH_PATHS = "$(inherited) @executable_path/Frameworks @loader_path/Frameworks";
				PRODUCT_NAME = "$(TARGET_NAME)";
				TEST_HOST = "$(BUILT_PRODUCTS_DIR)/CondtionTest.app/CondtionTest";
			};
			name = Release;
		};
/* End XCBuildConfiguration section */

/* Begin XCConfigurationList section */
		C01679AB1A131007004B55AD /* Build configuration list for PBXProject "CondtionTest" */ = {
			isa = XCConfigurationList;
			buildConfigurations = (
				C01679D11A131007004B55AD /* Debug */,
				C01679D21A131007004B55AD /* Release */,
			);
			defaultConfigurationIsVisible = 0;
			defaultConfigurationName = Release;
		};
		C01679D31A131007004B55AD /* Build configuration list for PBXNativeTarget "CondtionTest" */ = {
			isa = XCConfigurationList;
			buildConfigurations = (
				C01679D41A131007004B55AD /* Debug */,
				C01679D51A131007004B55AD /* Release */,
			);
			defaultConfigurationIsVisible = 0;
		};
		C01679D61A131007004B55AD /* Build configuration list for PBXNativeTarget "CondtionTestTests" */ = {
			isa = XCConfigurationList;
			buildConfigurations = (
				C01679D71A131007004B55AD /* Debug */,
				C01679D81A131007004B55AD /* Release */,
			);
			defaultConfigurationIsVisible = 0;
		};
/* End XCConfigurationList section */
	};
	rootObject = C01679A81A131007004B55AD /* Project object */;
}
